
Microsoft Visual Studio Solution File, Format Version 12.00
# Visual Studio Version 17
VisualStudioVersion = 17.1.32210.238
MinimumVisualStudioVersion = 10.0.40219.1
Project("{FAE04EC0-301F-11D3-BF4B-00C04F79EFBC}") = "MapsterInDotNet", "MapsterInDotNet\MapsterInDotNet.csproj", "{392B170F-05D0-40CA-A6F6-7DC9319FC4A8}"
EndProject
Global
	GlobalSection(SolutionConfigurationPlatforms) = preSolution
		Debug|Any CPU = Debug|Any CPU
		Release|Any CPU = Release|Any CPU
	EndGlobalSection
	GlobalSection(ProjectConfigurationPlatforms) = postSolution
		{392B170F-05D0-40CA-A6F6-7DC9319FC4A8}.Debug|Any CPU.ActiveCfg = Debug|Any CPU
		{392B170F-05D0-40CA-A6F6-7DC9319FC4A8}.Debug|Any CPU.Build.0 = Debug|Any CPU
		{392B170F-05D0-40CA-A6F6-7DC9319FC4A8}.Release|Any CPU.ActiveCfg = Release|Any CPU
		{392B170F-05D0-40CA-A6F6-7DC9319FC4A8}.Release|Any CPU.Build.0 = Release|Any CPU
	EndGlobalSection
	GlobalSection(SolutionProperties) = preSolution
		HideSolutionNode = FALSE
	EndGlobalSection
	GlobalSection(ExtensibilityGlobals) = postSolution
		SolutionGuid = {B3DCA1D1-377E-4099-ACAC-E7ABDB58D279}
	EndGlobalSection
EndGlobal
